
Microsoft Visual Studio Solution File, Format Version 12.00
# Visual Studio Version 16
VisualStudioVersion = 16.0.31624.102
MinimumVisualStudioVersion = 10.0.40219.1
Project("{9A19103F-16F7-4668-BE54-9A1E7A4F7556}") = "nuitAppi", "nuitAppi\nuitAppi.csproj", "{CA3C385D-9788-4C06-BD78-F99E93794651}"
EndProject
Project("{FAE04EC0-301F-11D3-BF4B-00C04F79EFBC}") = "ClassLibrary1", "ClassLibrary1\ClassLibrary1.csproj", "{3A7566CE-D459-4534-ABF4-10587566C116}"
EndProject
Project("{FAE04EC0-301F-11D3-BF4B-00C04F79EFBC}") = "NuitTest", "NuitTest\NuitTest.csproj", "{AE431B8B-5D24-4F56-A69E-F9C693390FC8}"
EndProject
Global
	GlobalSection(SolutionConfigurationPlatforms) = preSolution
		Debug|Any CPU = Debug|Any CPU
		Release|Any CPU = Release|Any CPU
	EndGlobalSection
	GlobalSection(ProjectConfigurationPlatforms) = postSolution
		{CA3C385D-9788-4C06-BD78-F99E93794651}.Debug|Any CPU.ActiveCfg = Debug|Any CPU
		{CA3C385D-9788-4C06-BD78-F99E93794651}.Debug|Any CPU.Build.0 = Debug|Any CPU
		{CA3C385D-9788-4C06-BD78-F99E93794651}.Release|Any CPU.ActiveCfg = Release|Any CPU
		{CA3C385D-9788-4C06-BD78-F99E93794651}.Release|Any CPU.Build.0 = Release|Any CPU
		{3A7566CE-D459-4534-ABF4-10587566C116}.Debug|Any CPU.ActiveCfg = Debug|Any CPU
		{3A7566CE-D459-4534-ABF4-10587566C116}.Debug|Any CPU.Build.0 = Debug|Any CPU
		{3A7566CE-D459-4534-ABF4-10587566C116}.Release|Any CPU.ActiveCfg = Release|Any CPU
		{3A7566CE-D459-4534-ABF4-10587566C116}.Release|Any CPU.Build.0 = Release|Any CPU
		{AE431B8B-5D24-4F56-A69E-F9C693390FC8}.Debug|Any CPU.ActiveCfg = Debug|Any CPU
		{AE431B8B-5D24-4F56-A69E-F9C693390FC8}.Debug|Any CPU.Build.0 = Debug|Any CPU
		{AE431B8B-5D24-4F56-A69E-F9C693390FC8}.Release|Any CPU.ActiveCfg = Release|Any CPU
		{AE431B8B-5D24-4F56-A69E-F9C693390FC8}.Release|Any CPU.Build.0 = Release|Any CPU
	EndGlobalSection
	GlobalSection(SolutionProperties) = preSolution
		HideSolutionNode = FALSE
	EndGlobalSection
	GlobalSection(ExtensibilityGlobals) = postSolution
		SolutionGuid = {330FF393-98BB-474D-81A2-CF0F9034B0EA}
	EndGlobalSection
EndGlobal
